
Microsoft Visual Studio Solution File, Format Version 12.00
# Visual Studio 15
VisualStudioVersion = 15.0.28010.2036
MinimumVisualStudioVersion = 10.0.40219.1
Project("{8BC9CEB8-8B4A-11D0-8D11-00A0C91BC942}") = "AlternativeCommands", "AlternativeCommands\AlternativeCommands.vcxproj", "{92501F2B-D4B9-4AAE-9977-380C94170D53}"
EndProject
Global
	GlobalSection(SolutionConfigurationPlatforms) = preSolution
		Ark|x64 = Ark|x64
		Atlas|x64 = Atlas|x64
	EndGlobalSection
	GlobalSection(ProjectConfigurationPlatforms) = postSolution
		{92501F2B-D4B9-4AAE-9977-380C94170D53}.Ark|x64.ActiveCfg = Ark|x64
		{92501F2B-D4B9-4AAE-9977-380C94170D53}.Ark|x64.Build.0 = Ark|x64
		{92501F2B-D4B9-4AAE-9977-380C94170D53}.Atlas|x64.ActiveCfg = Atlas|x64
		{92501F2B-D4B9-4AAE-9977-380C94170D53}.Atlas|x64.Build.0 = Atlas|x64
	EndGlobalSection
	GlobalSection(SolutionProperties) = preSolution
		HideSolutionNode = FALSE
	EndGlobalSection
	GlobalSection(ExtensibilityGlobals) = postSolution
		SolutionGuid = {E7A2F426-13EA-4778-8C73-6DB22436C112}
	EndGlobalSection
EndGlobal
