
Microsoft Visual Studio Solution File, Format Version 12.00
# Visual Studio 15
VisualStudioVersion = 15.0.27130.2020
MinimumVisualStudioVersion = 10.0.40219.1
Project("{8BC9CEB8-8B4A-11D0-8D11-00A0C91BC942}") = "AllEngrams", "AllEngrams\AllEngrams.vcxproj", "{ACBD1852-7779-43A7-A482-61A1E0463C41}"
EndProject
Global
	GlobalSection(SolutionConfigurationPlatforms) = preSolution
		Debug|x64 = Debug|x64
		Release|x64 = Release|x64
	EndGlobalSection
	GlobalSection(ProjectConfigurationPlatforms) = postSolution
		{ACBD1852-7779-43A7-A482-61A1E0463C41}.Debug|x64.ActiveCfg = Debug|x64
		{ACBD1852-7779-43A7-A482-61A1E0463C41}.Debug|x64.Build.0 = Debug|x64
		{ACBD1852-7779-43A7-A482-61A1E0463C41}.Release|x64.ActiveCfg = Release|x64
		{ACBD1852-7779-43A7-A482-61A1E0463C41}.Release|x64.Build.0 = Release|x64
	EndGlobalSection
	GlobalSection(SolutionProperties) = preSolution
		HideSolutionNode = FALSE
	EndGlobalSection
	GlobalSection(ExtensibilityGlobals) = postSolution
		SolutionGuid = {B54E87F9-F8DA-495B-B35B-89F1E205B583}
	EndGlobalSection
EndGlobal
